// !$*UTF8*$!
{
	archiveVersion = 1;
	classes = {
	};
	objectVersion = 46;
	objects = {

/* Begin PBXBuildFile section */
		6DC5AAAC1BC2A49600F11ED4 /* main.m in Sources */ = {isa = PBXBuildFile; fileRef = 6DC5AAAB1BC2A49600F11ED4 /* main.m */; };
		6DC5AAAF1BC2A49600F11ED4 /* AppDelegate.m in Sources */ = {isa = PBXBuildFile; fileRef = 6DC5AAAE1BC2A49600F11ED4 /* AppDelegate.m */; };
		6DC5AAB21BC2A49600F11ED4 /* ViewController.m in Sources */ = {isa = PBXBuildFile; fileRef = 6DC5AAB11BC2A49600F11ED4 /* ViewController.m */; };
		6DC5AAB51BC2A49600F11ED4 /* Main.storyboard in Resources */ = {isa = PBXBuildFile; fileRef = 6DC5AAB31BC2A49600F11ED4 /* Main.storyboard */; };
		6DC5AAB71BC2A49600F11ED4 /* Assets.xcassets in Resources */ = {isa = PBXBuildFile; fileRef = 6DC5AAB61BC2A49600F11ED4 /* Assets.xcassets */; };
		6DC5AABA1BC2A49600F11ED4 /* LaunchScreen.storyboard in Resources */ = {isa = PBXBuildFile; fileRef = 6DC5AAB81BC2A49600F11ED4 /* LaunchScreen.storyboard */; };
		6DC5AADD1BC5744A00F11ED4 /* HBAlertController.m in Sources */ = {isa = PBXBuildFile; fileRef = 6DC5AAD61BC5744A00F11ED4 /* HBAlertController.m */; settings = {ASSET_TAGS = (); }; };
		6DC5AADE1BC5744A00F11ED4 /* HBAlertView.m in Sources */ = {isa = PBXBuildFile; fileRef = 6DC5AADA1BC5744A00F11ED4 /* HBAlertView.m */; settings = {ASSET_TAGS = (); }; };
		6DC5AADF1BC5744A00F11ED4 /* HBAlertViewUtil.m in Sources */ = {isa = PBXBuildFile; fileRef = 6DC5AADC1BC5744A00F11ED4 /* HBAlertViewUtil.m */; settings = {ASSET_TAGS = (); }; };
/* End PBXBuildFile section */

/* Begin PBXFileReference section */
		6DC5AAA71BC2A49600F11ED4 /* TestAlertViewApp.app */ = {isa = PBXFileReference; explicitFileType = wrapper.application; includeInIndex = 0; path = TestAlertViewApp.app; sourceTree = BUILT_PRODUCTS_DIR; };
		6DC5AAAB1BC2A49600F11ED4 /* main.m */ = {isa = PBXFileReference; lastKnownFileType = sourcecode.c.objc; path = main.m; sourceTree = "<group>"; };
		6DC5AAAD1BC2A49600F11ED4 /* AppDelegate.h */ = {isa = PBXFileReference; lastKnownFileType = sourcecode.c.h; path = AppDelegate.h; sourceTree = "<group>"; };
		6DC5AAAE1BC2A49600F11ED4 /* AppDelegate.m */ = {isa = PBXFileReference; lastKnownFileType = sourcecode.c.objc; path = AppDelegate.m; sourceTree = "<group>"; };
		6DC5AAB01BC2A49600F11ED4 /* ViewController.h */ = {isa = PBXFileReference; lastKnownFileType = sourcecode.c.h; path = ViewController.h; sourceTree = "<group>"; };
		6DC5AAB11BC2A49600F11ED4 /* ViewController.m */ = {isa = PBXFileReference; lastKnownFileType = sourcecode.c.objc; path = ViewController.m; sourceTree = "<group>"; };
		6DC5AAB41BC2A49600F11ED4 /* Base */ = {isa = PBXFileReference; lastKnownFileType = file.storyboard; name = Base; path = Base.lproj/Main.storyboard; sourceTree = "<group>"; };
		6DC5AAB61BC2A49600F11ED4 /* Assets.xcassets */ = {isa = PBXFileReference; lastKnownFileType = folder.assetcatalog; path = Assets.xcassets; sourceTree = "<group>"; };
		6DC5AAB91BC2A49600F11ED4 /* Base */ = {isa = PBXFileReference; lastKnownFileType = file.storyboard; name = Base; path = Base.lproj/LaunchScreen.storyboard; sourceTree = "<group>"; };
		6DC5AABB1BC2A49600F11ED4 /* Info.plist */ = {isa = PBXFileReference; lastKnownFileType = text.plist.xml; path = Info.plist; sourceTree = "<group>"; };
		6DC5AAD51BC5744A00F11ED4 /* HBAlertController.h */ = {isa = PBXFileReference; fileEncoding = 4; lastKnownFileType = sourcecode.c.h; name = HBAlertController.h; path = HBAlertViewUtil/HBAlertController.h; sourceTree = "<group>"; };
		6DC5AAD61BC5744A00F11ED4 /* HBAlertController.m */ = {isa = PBXFileReference; fileEncoding = 4; lastKnownFileType = sourcecode.c.objc; name = HBAlertController.m; path = HBAlertViewUtil/HBAlertController.m; sourceTree = "<group>"; };
		6DC5AAD71BC5744A00F11ED4 /* HBAlertDelegate.h */ = {isa = PBXFileReference; fileEncoding = 4; lastKnownFileType = sourcecode.c.h; name = HBAlertDelegate.h; path = HBAlertViewUtil/HBAlertDelegate.h; sourceTree = "<group>"; };
		6DC5AAD81BC5744A00F11ED4 /* HBAlertProtocol.h */ = {isa = PBXFileReference; fileEncoding = 4; lastKnownFileType = sourcecode.c.h; name = HBAlertProtocol.h; path = HBAlertViewUtil/HBAlertProtocol.h; sourceTree = "<group>"; };
		6DC5AAD91BC5744A00F11ED4 /* HBAlertView.h */ = {isa = PBXFileReference; fileEncoding = 4; lastKnownFileType = sourcecode.c.h; name = HBAlertView.h; path = HBAlertViewUtil/HBAlertView.h; sourceTree = "<group>"; };
		6DC5AADA1BC5744A00F11ED4 /* HBAlertView.m */ = {isa = PBXFileReference; fileEncoding = 4; lastKnownFileType = sourcecode.c.objc; name = HBAlertView.m; path = HBAlertViewUtil/HBAlertView.m; sourceTree = "<group>"; };
		6DC5AADB1BC5744A00F11ED4 /* HBAlertViewUtil.h */ = {isa = PBXFileReference; fileEncoding = 4; lastKnownFileType = sourcecode.c.h; name = HBAlertViewUtil.h; path = HBAlertViewUtil/HBAlertViewUtil.h; sourceTree = "<group>"; };
		6DC5AADC1BC5744A00F11ED4 /* HBAlertViewUtil.m */ = {isa = PBXFileReference; fileEncoding = 4; lastKnownFileType = sourcecode.c.objc; name = HBAlertViewUtil.m; path = HBAlertViewUtil/HBAlertViewUtil.m; sourceTree = "<group>"; };
/* End PBXFileReference section */

/* Begin PBXFrameworksBuildPhase section */
		6DC5AAA41BC2A49600F11ED4 /* Frameworks */ = {
			isa = PBXFrameworksBuildPhase;
			buildActionMask = 2147483647;
			files = (
			);
			runOnlyForDeploymentPostprocessing = 0;
		};
/* End PBXFrameworksBuildPhase section */

/* Begin PBXGroup section */
		6DC5AA9E1BC2A49600F11ED4 = {
			isa = PBXGroup;
			children = (
				6DC5AAA91BC2A49600F11ED4 /* TestAlertViewApp */,
				6DC5AAA81BC2A49600F11ED4 /* Products */,
			);
			sourceTree = "<group>";
		};
		6DC5AAA81BC2A49600F11ED4 /* Products */ = {
			isa = PBXGroup;
			children = (
				6DC5AAA71BC2A49600F11ED4 /* TestAlertViewApp.app */,
			);
			name = Products;
			sourceTree = "<group>";
		};
		6DC5AAA91BC2A49600F11ED4 /* TestAlertViewApp */ = {
			isa = PBXGroup;
			children = (
				6DC5AAC11BC2A4E200F11ED4 /* HBAlertViewUtil */,
				6DC5AAAD1BC2A49600F11ED4 /* AppDelegate.h */,
				6DC5AAAE1BC2A49600F11ED4 /* AppDelegate.m */,
				6DC5AAB01BC2A49600F11ED4 /* ViewController.h */,
				6DC5AAB11BC2A49600F11ED4 /* ViewController.m */,
				6DC5AAB31BC2A49600F11ED4 /* Main.storyboard */,
				6DC5AAB61BC2A49600F11ED4 /* Assets.xcassets */,
				6DC5AAB81BC2A49600F11ED4 /* LaunchScreen.storyboard */,
				6DC5AABB1BC2A49600F11ED4 /* Info.plist */,
				6DC5AAAA1BC2A49600F11ED4 /* Supporting Files */,
			);
			path = TestAlertViewApp;
			sourceTree = "<group>";
		};
		6DC5AAAA1BC2A49600F11ED4 /* Supporting Files */ = {
			isa = PBXGroup;
			children = (
				6DC5AAAB1BC2A49600F11ED4 /* main.m */,
			);
			name = "Supporting Files";
			sourceTree = "<group>";
		};
		6DC5AAC11BC2A4E200F11ED4 /* HBAlertViewUtil */ = {
			isa = PBXGroup;
			children = (
				6DC5AAD51BC5744A00F11ED4 /* HBAlertController.h */,
				6DC5AAD61BC5744A00F11ED4 /* HBAlertController.m */,
				6DC5AAD71BC5744A00F11ED4 /* HBAlertDelegate.h */,
				6DC5AAD81BC5744A00F11ED4 /* HBAlertProtocol.h */,
				6DC5AAD91BC5744A00F11ED4 /* HBAlertView.h */,
				6DC5AADA1BC5744A00F11ED4 /* HBAlertView.m */,
				6DC5AADB1BC5744A00F11ED4 /* HBAlertViewUtil.h */,
				6DC5AADC1BC5744A00F11ED4 /* HBAlertViewUtil.m */,
			);
			name = HBAlertViewUtil;
			sourceTree = "<group>";
		};
/* End PBXGroup section */

/* Begin PBXNativeTarget section */
		6DC5AAA61BC2A49600F11ED4 /* TestAlertViewApp */ = {
			isa = PBXNativeTarget;
			buildConfigurationList = 6DC5AABE1BC2A49600F11ED4 /* Build configuration list for PBXNativeTarget "TestAlertViewApp" */;
			buildPhases = (
				6DC5AAA31BC2A49600F11ED4 /* Sources */,
				6DC5AAA41BC2A49600F11ED4 /* Frameworks */,
				6DC5AAA51BC2A49600F11ED4 /* Resources */,
			);
			buildRules = (
			);
			dependencies = (
			);
			name = TestAlertViewApp;
			productName = TestAlertViewApp;
			productReference = 6DC5AAA71BC2A49600F11ED4 /* TestAlertViewApp.app */;
			productType = "com.apple.product-type.application";
		};
/* End PBXNativeTarget section */

/* Begin PBXProject section */
		6DC5AA9F1BC2A49600F11ED4 /* Project object */ = {
			isa = PBXProject;
			attributes = {
				LastUpgradeCheck = 0700;
				ORGANIZATIONNAME = "廣澤智明";
				TargetAttributes = {
					6DC5AAA61BC2A49600F11ED4 = {
						CreatedOnToolsVersion = 7.0;
					};
				};
			};
			buildConfigurationList = 6DC5AAA21BC2A49600F11ED4 /* Build configuration list for PBXProject "TestAlertViewApp" */;
			compatibilityVersion = "Xcode 3.2";
			developmentRegion = English;
			hasScannedForEncodings = 0;
			knownRegions = (
				en,
				Base,
			);
			mainGroup = 6DC5AA9E1BC2A49600F11ED4;
			productRefGroup = 6DC5AAA81BC2A49600F11ED4 /* Products */;
			projectDirPath = "";
			projectRoot = "";
			targets = (
				6DC5AAA61BC2A49600F11ED4 /* TestAlertViewApp */,
			);
		};
/* End PBXProject section */

/* Begin PBXResourcesBuildPhase section */
		6DC5AAA51BC2A49600F11ED4 /* Resources */ = {
			isa = PBXResourcesBuildPhase;
			buildActionMask = 2147483647;
			files = (
				6DC5AABA1BC2A49600F11ED4 /* LaunchScreen.storyboard in Resources */,
				6DC5AAB71BC2A49600F11ED4 /* Assets.xcassets in Resources */,
				6DC5AAB51BC2A49600F11ED4 /* Main.storyboard in Resources */,
			);
			runOnlyForDeploymentPostprocessing = 0;
		};
/* End PBXResourcesBuildPhase section */

/* Begin PBXSourcesBuildPhase section */
		6DC5AAA31BC2A49600F11ED4 /* Sources */ = {
			isa = PBXSourcesBuildPhase;
			buildActionMask = 2147483647;
			files = (
				6DC5AADD1BC5744A00F11ED4 /* HBAlertController.m in Sources */,
				6DC5AADF1BC5744A00F11ED4 /* HBAlertViewUtil.m in Sources */,
				6DC5AAB21BC2A49600F11ED4 /* ViewController.m in Sources */,
				6DC5AAAF1BC2A49600F11ED4 /* AppDelegate.m in Sources */,
				6DC5AAAC1BC2A49600F11ED4 /* main.m in Sources */,
				6DC5AADE1BC5744A00F11ED4 /* HBAlertView.m in Sources */,
			);
			runOnlyForDeploymentPostprocessing = 0;
		};
/* End PBXSourcesBuildPhase section */

/* Begin PBXVariantGroup section */
		6DC5AAB31BC2A49600F11ED4 /* Main.storyboard */ = {
			isa = PBXVariantGroup;
			children = (
				6DC5AAB41BC2A49600F11ED4 /* Base */,
			);
			name = Main.storyboard;
			sourceTree = "<group>";
		};
		6DC5AAB81BC2A49600F11ED4 /* LaunchScreen.storyboard */ = {
			isa = PBXVariantGroup;
			children = (
				6DC5AAB91BC2A49600F11ED4 /* Base */,
			);
			name = LaunchScreen.storyboard;
			sourceTree = "<group>";
		};
/* End PBXVariantGroup section */

/* Begin XCBuildConfiguration section */
		6DC5AABC1BC2A49600F11ED4 /* Debug */ = {
			isa = XCBuildConfiguration;
			buildSettings = {
				ALWAYS_SEARCH_USER_PATHS = NO;
				CLANG_CXX_LANGUAGE_STANDARD = "gnu++0x";
				CLANG_CXX_LIBRARY = "libc++";
				CLANG_ENABLE_MODULES = YES;
				CLANG_ENABLE_OBJC_ARC = YES;
				CLANG_WARN_BOOL_CONVERSION = YES;
				CLANG_WARN_CONSTANT_CONVERSION = YES;
				CLANG_WARN_DIRECT_OBJC_ISA_USAGE = YES_ERROR;
				CLANG_WARN_EMPTY_BODY = YES;
				CLANG_WARN_ENUM_CONVERSION = YES;
				CLANG_WARN_INT_CONVERSION = YES;
				CLANG_WARN_OBJC_ROOT_CLASS = YES_ERROR;
				CLANG_WARN_UNREACHABLE_CODE = YES;
				CLANG_WARN__DUPLICATE_METHOD_MATCH = YES;
				"CODE_SIGN_IDENTITY[sdk=iphoneos*]" = "iPhone Developer";
				COPY_PHASE_STRIP = NO;
				DEBUG_INFORMATION_FORMAT = dwarf;
				ENABLE_STRICT_OBJC_MSGSEND = YES;
				ENABLE_TESTABILITY = YES;
				GCC_C_LANGUAGE_STANDARD = gnu99;
				GCC_DYNAMIC_NO_PIC = NO;
				GCC_NO_COMMON_BLOCKS = YES;
				GCC_OPTIMIZATION_LEVEL = 0;
				GCC_PREPROCESSOR_DEFINITIONS = (
					"DEBUG=1",
					"$(inherited)",
				);
				GCC_WARN_64_TO_32_BIT_CONVERSION = YES;
				GCC_WARN_ABOUT_RETURN_TYPE = YES_ERROR;
				GCC_WARN_UNDECLARED_SELECTOR = YES;
				GCC_WARN_UNINITIALIZED_AUTOS = YES_AGGRESSIVE;
				GCC_WARN_UNUSED_FUNCTION = YES;
				GCC_WARN_UNUSED_VARIABLE = YES;
				IPHONEOS_DEPLOYMENT_TARGET = 9.0;
				MTL_ENABLE_DEBUG_INFO = YES;
				ONLY_ACTIVE_ARCH = YES;
				SDKROOT = iphoneos;
				TARGETED_DEVICE_FAMILY = "1,2";
			};
			name = Debug;
		};
		6DC5AABD1BC2A49600F11ED4 /* Release */ = {
			isa = XCBuildConfiguration;
			buildSettings = {
				ALWAYS_SEARCH_USER_PATHS = NO;
				CLANG_CXX_LANGUAGE_STANDARD = "gnu++0x";
				CLANG_CXX_LIBRARY = "libc++";
				CLANG_ENABLE_MODULES = YES;
				CLANG_ENABLE_OBJC_ARC = YES;
				CLANG_WARN_BOOL_CONVERSION = YES;
				CLANG_WARN_CONSTANT_CONVERSION = YES;
				CLANG_WARN_DIRECT_OBJC_ISA_USAGE = YES_ERROR;
				CLANG_WARN_EMPTY_BODY = YES;
				CLANG_WARN_ENUM_CONVERSION = YES;
				CLANG_WARN_INT_CONVERSION = YES;
				CLANG_WARN_OBJC_ROOT_CLASS = YES_ERROR;
				CLANG_WARN_UNREACHABLE_CODE = YES;
				CLANG_WARN__DUPLICATE_METHOD_MATCH = YES;
				"CODE_SIGN_IDENTITY[sdk=iphoneos*]" = "iPhone Developer";
				COPY_PHASE_STRIP = NO;
				DEBUG_INFORMATION_FORMAT = "dwarf-with-dsym";
				ENABLE_NS_ASSERTIONS = NO;
				ENABLE_STRICT_OBJC_MSGSEND = YES;
				GCC_C_LANGUAGE_STANDARD = gnu99;
				GCC_NO_COMMON_BLOCKS = YES;
				GCC_WARN_64_TO_32_BIT_CONVERSION = YES;
				GCC_WARN_ABOUT_RETURN_TYPE = YES_ERROR;
				GCC_WARN_UNDECLARED_SELECTOR = YES;
				GCC_WARN_UNINITIALIZED_AUTOS = YES_AGGRESSIVE;
				GCC_WARN_UNUSED_FUNCTION = YES;
				GCC_WARN_UNUSED_VARIABLE = YES;
				IPHONEOS_DEPLOYMENT_TARGET = 9.0;
				MTL_ENABLE_DEBUG_INFO = NO;
				SDKROOT = iphoneos;
				TARGETED_DEVICE_FAMILY = "1,2";
				VALIDATE_PRODUCT = YES;
			};
			name = Release;
		};
		6DC5AABF1BC2A49600F11ED4 /* Debug */ = {
			isa = XCBuildConfiguration;
			buildSettings = {
				ASSETCATALOG_COMPILER_APPICON_NAME = AppIcon;
				INFOPLIST_FILE = TestAlertViewApp/Info.plist;
				IPHONEOS_DEPLOYMENT_TARGET = 7.1;
				LD_RUNPATH_SEARCH_PATHS = "$(inherited) @executable_path/Frameworks";
				PRODUCT_BUNDLE_IDENTIFIER = jp.co.poropi.TestAlertViewApp;
				PRODUCT_NAME = "$(TARGET_NAME)";
			};
			name = Debug;
		};
		6DC5AAC01BC2A49600F11ED4 /* Release */ = {
			isa = XCBuildConfiguration;
			buildSettings = {
				ASSETCATALOG_COMPILER_APPICON_NAME = AppIcon;
				INFOPLIST_FILE = TestAlertViewApp/Info.plist;
				IPHONEOS_DEPLOYMENT_TARGET = 7.1;
				LD_RUNPATH_SEARCH_PATHS = "$(inherited) @executable_path/Frameworks";
				PRODUCT_BUNDLE_IDENTIFIER = jp.co.poropi.TestAlertViewApp;
				PRODUCT_NAME = "$(TARGET_NAME)";
			};
			name = Release;
		};
/* End XCBuildConfiguration section */

/* Begin XCConfigurationList section */
		6DC5AAA21BC2A49600F11ED4 /* Build configuration list for PBXProject "TestAlertViewApp" */ = {
			isa = XCConfigurationList;
			buildConfigurations = (
				6DC5AABC1BC2A49600F11ED4 /* Debug */,
				6DC5AABD1BC2A49600F11ED4 /* Release */,
			);
			defaultConfigurationIsVisible = 0;
			defaultConfigurationName = Release;
		};
		6DC5AABE1BC2A49600F11ED4 /* Build configuration list for PBXNativeTarget "TestAlertViewApp" */ = {
			isa = XCConfigurationList;
			buildConfigurations = (
				6DC5AABF1BC2A49600F11ED4 /* Debug */,
				6DC5AAC01BC2A49600F11ED4 /* Release */,
			);
			defaultConfigurationIsVisible = 0;
		};
/* End XCConfigurationList section */
	};
	rootObject = 6DC5AA9F1BC2A49600F11ED4 /* Project object */;
}
